
Microsoft Visual Studio Solution File, Format Version 12.00
# Visual Studio 14
VisualStudioVersion = 14.0.25420.1
MinimumVisualStudioVersion = 10.0.40219.1
Project("{FAE04EC0-301F-11D3-BF4B-00C04F79EFBC}") = "Web", "Web\Web.csproj", "{FBF941FF-966D-49D8-B05A-5E459158A8D5}"
EndProject
Project("{FAE04EC0-301F-11D3-BF4B-00C04F79EFBC}") = "DomainClass", "DomainClass\DomainClass.csproj", "{E13A8B82-6093-4D9C-97C2-D0CD1555071E}"
EndProject
Project("{FAE04EC0-301F-11D3-BF4B-00C04F79EFBC}") = "DataLayer", "DataLayer\DataLayer.csproj", "{B494F86C-5730-4DA7-BE3B-D8F09ACE7FD1}"
EndProject
Project("{FAE04EC0-301F-11D3-BF4B-00C04F79EFBC}") = "ServiceLayer", "ServiceLayer\ServiceLayer.csproj", "{C12BB5C1-2C09-4E97-8334-3AC11C768D47}"
EndProject
Global
	GlobalSection(SolutionConfigurationPlatforms) = preSolution
		Debug|Any CPU = Debug|Any CPU
		Release|Any CPU = Release|Any CPU
	EndGlobalSection
	GlobalSection(ProjectConfigurationPlatforms) = postSolution
		{FBF941FF-966D-49D8-B05A-5E459158A8D5}.Debug|Any CPU.ActiveCfg = Debug|Any CPU
		{FBF941FF-966D-49D8-B05A-5E459158A8D5}.Debug|Any CPU.Build.0 = Debug|Any CPU
		{FBF941FF-966D-49D8-B05A-5E459158A8D5}.Release|Any CPU.ActiveCfg = Release|Any CPU
		{FBF941FF-966D-49D8-B05A-5E459158A8D5}.Release|Any CPU.Build.0 = Release|Any CPU
		{E13A8B82-6093-4D9C-97C2-D0CD1555071E}.Debug|Any CPU.ActiveCfg = Debug|Any CPU
		{E13A8B82-6093-4D9C-97C2-D0CD1555071E}.Debug|Any CPU.Build.0 = Debug|Any CPU
		{E13A8B82-6093-4D9C-97C2-D0CD1555071E}.Release|Any CPU.ActiveCfg = Release|Any CPU
		{E13A8B82-6093-4D9C-97C2-D0CD1555071E}.Release|Any CPU.Build.0 = Release|Any CPU
		{B494F86C-5730-4DA7-BE3B-D8F09ACE7FD1}.Debug|Any CPU.ActiveCfg = Debug|Any CPU
		{B494F86C-5730-4DA7-BE3B-D8F09ACE7FD1}.Debug|Any CPU.Build.0 = Debug|Any CPU
		{B494F86C-5730-4DA7-BE3B-D8F09ACE7FD1}.Release|Any CPU.ActiveCfg = Release|Any CPU
		{B494F86C-5730-4DA7-BE3B-D8F09ACE7FD1}.Release|Any CPU.Build.0 = Release|Any CPU
		{C12BB5C1-2C09-4E97-8334-3AC11C768D47}.Debug|Any CPU.ActiveCfg = Debug|Any CPU
		{C12BB5C1-2C09-4E97-8334-3AC11C768D47}.Debug|Any CPU.Build.0 = Debug|Any CPU
		{C12BB5C1-2C09-4E97-8334-3AC11C768D47}.Release|Any CPU.ActiveCfg = Release|Any CPU
		{C12BB5C1-2C09-4E97-8334-3AC11C768D47}.Release|Any CPU.Build.0 = Release|Any CPU
	EndGlobalSection
	GlobalSection(SolutionProperties) = preSolution
		HideSolutionNode = FALSE
	EndGlobalSection
EndGlobal
